
Microsoft Visual Studio Solution File, Format Version 12.00
# Visual Studio Version 17
VisualStudioVersion = 17.6.33829.357
MinimumVisualStudioVersion = 10.0.40219.1
Project("{FAE04EC0-301F-11D3-BF4B-00C04F79EFBC}") = "OTP", "OTP\OTP.csproj", "{698CAA40-B8B1-4576-9F2F-305BD7522771}"
EndProject
Global
	GlobalSection(SolutionConfigurationPlatforms) = preSolution
		Debug|Any CPU = Debug|Any CPU
		Release|Any CPU = Release|Any CPU
	EndGlobalSection
	GlobalSection(ProjectConfigurationPlatforms) = postSolution
		{698CAA40-B8B1-4576-9F2F-305BD7522771}.Debug|Any CPU.ActiveCfg = Debug|Any CPU
		{698CAA40-B8B1-4576-9F2F-305BD7522771}.Debug|Any CPU.Build.0 = Debug|Any CPU
		{698CAA40-B8B1-4576-9F2F-305BD7522771}.Release|Any CPU.ActiveCfg = Release|Any CPU
		{698CAA40-B8B1-4576-9F2F-305BD7522771}.Release|Any CPU.Build.0 = Release|Any CPU
	EndGlobalSection
	GlobalSection(SolutionProperties) = preSolution
		HideSolutionNode = FALSE
	EndGlobalSection
	GlobalSection(ExtensibilityGlobals) = postSolution
		SolutionGuid = {5BF84EDB-F235-4846-9126-E6286960AE7F}
	EndGlobalSection
EndGlobal
